// !$*UTF8*$!
{
	archiveVersion = 1;
	classes = {
	};
	objectVersion = 56;
	objects = {

/* Begin PBXBuildFile section */
		5B1364512B0BF55A00F974EB /* MealsList.json in Resources */ = {isa = PBXBuildFile; fileRef = 5B1364502B0BF55A00F974EB /* MealsList.json */; };
		5B1364522B0BFA4100F974EB /* MealsList.json in Resources */ = {isa = PBXBuildFile; fileRef = 5B1364502B0BF55A00F974EB /* MealsList.json */; };
		5B3E90D72AF2C57000FB7532 /* DessertListView.swift in Sources */ = {isa = PBXBuildFile; fileRef = 5B3E90D62AF2C56F00FB7532 /* DessertListView.swift */; };
		5B3E90D92AF2C6B200FB7532 /* DessertDetailsView.swift in Sources */ = {isa = PBXBuildFile; fileRef = 5B3E90D82AF2C6B200FB7532 /* DessertDetailsView.swift */; };
		5B3E90DB2AF2CBB200FB7532 /* DataProvider.swift in Sources */ = {isa = PBXBuildFile; fileRef = 5B3E90DA2AF2CBB200FB7532 /* DataProvider.swift */; };
		5B3E90DD2AF2CBDD00FB7532 /* DessertDetailsModels.swift in Sources */ = {isa = PBXBuildFile; fileRef = 5B3E90DC2AF2CBDD00FB7532 /* DessertDetailsModels.swift */; };
		5B3E90DF2AF2D08800FB7532 /* DessertListViewModel.swift in Sources */ = {isa = PBXBuildFile; fileRef = 5B3E90DE2AF2D08800FB7532 /* DessertListViewModel.swift */; };
		5B3E90E12AF2E32A00FB7532 /* DessertDetailsViewModel.swift in Sources */ = {isa = PBXBuildFile; fileRef = 5B3E90E02AF2E32A00FB7532 /* DessertDetailsViewModel.swift */; };
		5B3E90F12AF404C300FB7532 /* CreamCake.otf in Resources */ = {isa = PBXBuildFile; fileRef = 5B3E90F02AF404C200FB7532 /* CreamCake.otf */; };
		5B3E90F42AF442D000FB7532 /* DessertDetailsImageView.swift in Sources */ = {isa = PBXBuildFile; fileRef = 5B3E90F32AF442D000FB7532 /* DessertDetailsImageView.swift */; };
		5B3E90F62AF442D900FB7532 /* DessertDetailsTextsView.swift in Sources */ = {isa = PBXBuildFile; fileRef = 5B3E90F52AF442D900FB7532 /* DessertDetailsTextsView.swift */; };
		5B3E90F82AF4447B00FB7532 /* DessertListItemView.swift in Sources */ = {isa = PBXBuildFile; fileRef = 5B3E90F72AF4447B00FB7532 /* DessertListItemView.swift */; };
		5B4755662AFB1A4C00158A4C /* DessertListModels.swift in Sources */ = {isa = PBXBuildFile; fileRef = 5B4755652AFB1A4C00158A4C /* DessertListModels.swift */; };
		5B4A56EA2AF2BC34008F3F85 /* FetchCodeChallengeApp.swift in Sources */ = {isa = PBXBuildFile; fileRef = 5B4A56E92AF2BC34008F3F85 /* FetchCodeChallengeApp.swift */; };
		5B4A56EE2AF2BC36008F3F85 /* Assets.xcassets in Resources */ = {isa = PBXBuildFile; fileRef = 5B4A56ED2AF2BC36008F3F85 /* Assets.xcassets */; };
		5B62B7772AF9DEFD00D48633 /* TitleView.swift in Sources */ = {isa = PBXBuildFile; fileRef = 5B62B7762AF9DEFD00D48633 /* TitleView.swift */; };
		5B9191312B08622900248387 /* Endpoint.swift in Sources */ = {isa = PBXBuildFile; fileRef = 5B9191302B08622900248387 /* Endpoint.swift */; };
		5B9191372B086DA600248387 /* TestConfigs.swift in Sources */ = {isa = PBXBuildFile; fileRef = 5B9191362B086DA600248387 /* TestConfigs.swift */; };
		5BA92BB62AF5BFB600D9B6D2 /* SFUIDisplay-Regular.otf in Resources */ = {isa = PBXBuildFile; fileRef = 5BA92BAD2AF5BFB600D9B6D2 /* SFUIDisplay-Regular.otf */; };
		5BA92BBA2AF5C2A800D9B6D2 /* DataProviderTest.swift in Sources */ = {isa = PBXBuildFile; fileRef = 5BA92BB92AF5C2A800D9B6D2 /* DataProviderTest.swift */; };
		5BA92BBC2AF5EAFB00D9B6D2 /* DessertDetailsViewModelTest.swift in Sources */ = {isa = PBXBuildFile; fileRef = 5BA92BBB2AF5EAFB00D9B6D2 /* DessertDetailsViewModelTest.swift */; };
		5BA92BBE2AF5EC8C00D9B6D2 /* DessertListViewModelTest.swift in Sources */ = {isa = PBXBuildFile; fileRef = 5BA92BBD2AF5EC8C00D9B6D2 /* DessertListViewModelTest.swift */; };
		5BA92BC02AF5ED6800D9B6D2 /* Font+Extenstion.swift in Sources */ = {isa = PBXBuildFile; fileRef = 5BA92BBF2AF5ED6800D9B6D2 /* Font+Extenstion.swift */; };
		5BAA72522AFC8486008469AA /* DessertListItemViewModelTest.swift in Sources */ = {isa = PBXBuildFile; fileRef = 5BAA72512AFC8486008469AA /* DessertListItemViewModelTest.swift */; };
		5BAA72542AFC84CE008469AA /* DessertListItemViewModel.swift in Sources */ = {isa = PBXBuildFile; fileRef = 5BAA72532AFC84CE008469AA /* DessertListItemViewModel.swift */; };
		5BBB25CD2B05CB9200FC0116 /* Mocks.swift in Sources */ = {isa = PBXBuildFile; fileRef = 5BBB25CC2B05CB9200FC0116 /* Mocks.swift */; };
		5BDEE7EB2B0BFC80008E4815 /* MealsDetails.json in Sources */ = {isa = PBXBuildFile; fileRef = 5BDEE7EA2B0BFC7F008E4815 /* MealsDetails.json */; };
		5BDEE7EC2B0BFC92008E4815 /* MealsDetails.json in Resources */ = {isa = PBXBuildFile; fileRef = 5BDEE7EA2B0BFC7F008E4815 /* MealsDetails.json */; };
/* End PBXBuildFile section */

/* Begin PBXContainerItemProxy section */
		5B4A56F72AF2BC36008F3F85 /* PBXContainerItemProxy */ = {
			isa = PBXContainerItemProxy;
			containerPortal = 5B4A56DE2AF2BC34008F3F85 /* Project object */;
			proxyType = 1;
			remoteGlobalIDString = 5B4A56E52AF2BC34008F3F85;
			remoteInfo = FetchCodeChallenge;
		};
/* End PBXContainerItemProxy section */

/* Begin PBXFileReference section */
		5B1364502B0BF55A00F974EB /* MealsList.json */ = {isa = PBXFileReference; lastKnownFileType = text.json; path = MealsList.json; sourceTree = "<group>"; };
		5B3E90D62AF2C56F00FB7532 /* DessertListView.swift */ = {isa = PBXFileReference; lastKnownFileType = sourcecode.swift; path = DessertListView.swift; sourceTree = "<group>"; };
		5B3E90D82AF2C6B200FB7532 /* DessertDetailsView.swift */ = {isa = PBXFileReference; lastKnownFileType = sourcecode.swift; path = DessertDetailsView.swift; sourceTree = "<group>"; };
		5B3E90DA2AF2CBB200FB7532 /* DataProvider.swift */ = {isa = PBXFileReference; lastKnownFileType = sourcecode.swift; path = DataProvider.swift; sourceTree = "<group>"; };
		5B3E90DC2AF2CBDD00FB7532 /* DessertDetailsModels.swift */ = {isa = PBXFileReference; lastKnownFileType = sourcecode.swift; path = DessertDetailsModels.swift; sourceTree = "<group>"; };
		5B3E90DE2AF2D08800FB7532 /* DessertListViewModel.swift */ = {isa = PBXFileReference; lastKnownFileType = sourcecode.swift; path = DessertListViewModel.swift; sourceTree = "<group>"; };
		5B3E90E02AF2E32A00FB7532 /* DessertDetailsViewModel.swift */ = {isa = PBXFileReference; lastKnownFileType = sourcecode.swift; path = DessertDetailsViewModel.swift; sourceTree = "<group>"; };
		5B3E90E92AF401D900FB7532 /* Info.plist */ = {isa = PBXFileReference; lastKnownFileType = text.plist; path = Info.plist; sourceTree = "<group>"; };
		5B3E90F02AF404C200FB7532 /* CreamCake.otf */ = {isa = PBXFileReference; lastKnownFileType = file; path = CreamCake.otf; sourceTree = "<group>"; };
		5B3E90F32AF442D000FB7532 /* DessertDetailsImageView.swift */ = {isa = PBXFileReference; lastKnownFileType = sourcecode.swift; path = DessertDetailsImageView.swift; sourceTree = "<group>"; };
		5B3E90F52AF442D900FB7532 /* DessertDetailsTextsView.swift */ = {isa = PBXFileReference; lastKnownFileType = sourcecode.swift; path = DessertDetailsTextsView.swift; sourceTree = "<group>"; };
		5B3E90F72AF4447B00FB7532 /* DessertListItemView.swift */ = {isa = PBXFileReference; lastKnownFileType = sourcecode.swift; path = DessertListItemView.swift; sourceTree = "<group>"; };
		5B4755652AFB1A4C00158A4C /* DessertListModels.swift */ = {isa = PBXFileReference; lastKnownFileType = sourcecode.swift; path = DessertListModels.swift; sourceTree = "<group>"; };
		5B4A56E62AF2BC34008F3F85 /* FetchCodeChallenge.app */ = {isa = PBXFileReference; explicitFileType = wrapper.application; includeInIndex = 0; path = FetchCodeChallenge.app; sourceTree = BUILT_PRODUCTS_DIR; };
		5B4A56E92AF2BC34008F3F85 /* FetchCodeChallengeApp.swift */ = {isa = PBXFileReference; lastKnownFileType = sourcecode.swift; path = FetchCodeChallengeApp.swift; sourceTree = "<group>"; };
		5B4A56ED2AF2BC36008F3F85 /* Assets.xcassets */ = {isa = PBXFileReference; lastKnownFileType = folder.assetcatalog; path = Assets.xcassets; sourceTree = "<group>"; };
		5B4A56F62AF2BC36008F3F85 /* FetchCodeChallengeTests.xctest */ = {isa = PBXFileReference; explicitFileType = wrapper.cfbundle; includeInIndex = 0; path = FetchCodeChallengeTests.xctest; sourceTree = BUILT_PRODUCTS_DIR; };
		5B62B7762AF9DEFD00D48633 /* TitleView.swift */ = {isa = PBXFileReference; lastKnownFileType = sourcecode.swift; path = TitleView.swift; sourceTree = "<group>"; };
		5B9191302B08622900248387 /* Endpoint.swift */ = {isa = PBXFileReference; lastKnownFileType = sourcecode.swift; path = Endpoint.swift; sourceTree = "<group>"; };
		5B9191362B086DA600248387 /* TestConfigs.swift */ = {isa = PBXFileReference; lastKnownFileType = sourcecode.swift; path = TestConfigs.swift; sourceTree = "<group>"; };
		5BA92BAD2AF5BFB600D9B6D2 /* SFUIDisplay-Regular.otf */ = {isa = PBXFileReference; lastKnownFileType = file; path = "SFUIDisplay-Regular.otf"; sourceTree = "<group>"; };
		5BA92BB92AF5C2A800D9B6D2 /* DataProviderTest.swift */ = {isa = PBXFileReference; lastKnownFileType = sourcecode.swift; path = DataProviderTest.swift; sourceTree = "<group>"; };
		5BA92BBB2AF5EAFB00D9B6D2 /* DessertDetailsViewModelTest.swift */ = {isa = PBXFileReference; lastKnownFileType = sourcecode.swift; path = DessertDetailsViewModelTest.swift; sourceTree = "<group>"; };
		5BA92BBD2AF5EC8C00D9B6D2 /* DessertListViewModelTest.swift */ = {isa = PBXFileReference; lastKnownFileType = sourcecode.swift; path = DessertListViewModelTest.swift; sourceTree = "<group>"; };
		5BA92BBF2AF5ED6800D9B6D2 /* Font+Extenstion.swift */ = {isa = PBXFileReference; lastKnownFileType = sourcecode.swift; path = "Font+Extenstion.swift"; sourceTree = "<group>"; };
		5BAA72512AFC8486008469AA /* DessertListItemViewModelTest.swift */ = {isa = PBXFileReference; fileEncoding = 4; lastKnownFileType = sourcecode.swift; path = DessertListItemViewModelTest.swift; sourceTree = "<group>"; };
		5BAA72532AFC84CE008469AA /* DessertListItemViewModel.swift */ = {isa = PBXFileReference; fileEncoding = 4; lastKnownFileType = sourcecode.swift; path = DessertListItemViewModel.swift; sourceTree = "<group>"; };
		5BBB25CC2B05CB9200FC0116 /* Mocks.swift */ = {isa = PBXFileReference; lastKnownFileType = sourcecode.swift; path = Mocks.swift; sourceTree = "<group>"; };
		5BBB25CE2B05CF9400FC0116 /* FetchCodeChallenge.xctestplan */ = {isa = PBXFileReference; lastKnownFileType = text; path = FetchCodeChallenge.xctestplan; sourceTree = "<group>"; };
		5BDEE7EA2B0BFC7F008E4815 /* MealsDetails.json */ = {isa = PBXFileReference; lastKnownFileType = text.json; path = MealsDetails.json; sourceTree = "<group>"; };
/* End PBXFileReference section */

/* Begin PBXFrameworksBuildPhase section */
		5B4A56E32AF2BC34008F3F85 /* Frameworks */ = {
			isa = PBXFrameworksBuildPhase;
			buildActionMask = 2147483647;
			files = (
			);
			runOnlyForDeploymentPostprocessing = 0;
		};
		5B4A56F32AF2BC36008F3F85 /* Frameworks */ = {
			isa = PBXFrameworksBuildPhase;
			buildActionMask = 2147483647;
			files = (
			);
			runOnlyForDeploymentPostprocessing = 0;
		};
/* End PBXFrameworksBuildPhase section */

/* Begin PBXGroup section */
		5B3E90E22AF3543900FB7532 /* DessertDetails */ = {
			isa = PBXGroup;
			children = (
				5B3E90D82AF2C6B200FB7532 /* DessertDetailsView.swift */,
				5B3E90F32AF442D000FB7532 /* DessertDetailsImageView.swift */,
				5B3E90F52AF442D900FB7532 /* DessertDetailsTextsView.swift */,
				5B3E90E02AF2E32A00FB7532 /* DessertDetailsViewModel.swift */,
				5B3E90DC2AF2CBDD00FB7532 /* DessertDetailsModels.swift */,
			);
			path = DessertDetails;
			sourceTree = "<group>";
		};
		5B3E90E32AF3544100FB7532 /* DessertList */ = {
			isa = PBXGroup;
			children = (
				5B3E90D62AF2C56F00FB7532 /* DessertListView.swift */,
				5B3E90DE2AF2D08800FB7532 /* DessertListViewModel.swift */,
				5B3E90F72AF4447B00FB7532 /* DessertListItemView.swift */,
				5BAA72532AFC84CE008469AA /* DessertListItemViewModel.swift */,
				5B4755652AFB1A4C00158A4C /* DessertListModels.swift */,
			);
			path = DessertList;
			sourceTree = "<group>";
		};
		5B3E90E52AF3547900FB7532 /* DataProvider */ = {
			isa = PBXGroup;
			children = (
				5B3E90DA2AF2CBB200FB7532 /* DataProvider.swift */,
				5B9191302B08622900248387 /* Endpoint.swift */,
			);
			path = DataProvider;
			sourceTree = "<group>";
		};
		5B3E90F22AF4393300FB7532 /* Support Files */ = {
			isa = PBXGroup;
			children = (
				5B4A56E92AF2BC34008F3F85 /* FetchCodeChallengeApp.swift */,
				5B4A56ED2AF2BC36008F3F85 /* Assets.xcassets */,
				5B4755692AFB2D6600158A4C /* Fonts */,
			);
			path = "Support Files";
			sourceTree = "<group>";
		};
		5B4755672AFB2D3B00158A4C /* Components */ = {
			isa = PBXGroup;
			children = (
				5B62B7762AF9DEFD00D48633 /* TitleView.swift */,
			);
			path = Components;
			sourceTree = "<group>";
		};
		5B4755682AFB2D4D00158A4C /* Extensions */ = {
			isa = PBXGroup;
			children = (
				5BA92BBF2AF5ED6800D9B6D2 /* Font+Extenstion.swift */,
			);
			path = Extensions;
			sourceTree = "<group>";
		};
		5B4755692AFB2D6600158A4C /* Fonts */ = {
			isa = PBXGroup;
			children = (
				5B3E90F02AF404C200FB7532 /* CreamCake.otf */,
				5BA92BAD2AF5BFB600D9B6D2 /* SFUIDisplay-Regular.otf */,
			);
			path = Fonts;
			sourceTree = "<group>";
		};
		5B4A56DD2AF2BC34008F3F85 = {
			isa = PBXGroup;
			children = (
				5BBB25CE2B05CF9400FC0116 /* FetchCodeChallenge.xctestplan */,
				5B4A56E82AF2BC34008F3F85 /* FetchCodeChallenge */,
				5B4A56F92AF2BC36008F3F85 /* FetchCodeChallengeTests */,
				5B4A56E72AF2BC34008F3F85 /* Products */,
			);
			sourceTree = "<group>";
		};
		5B4A56E72AF2BC34008F3F85 /* Products */ = {
			isa = PBXGroup;
			children = (
				5B4A56E62AF2BC34008F3F85 /* FetchCodeChallenge.app */,
				5B4A56F62AF2BC36008F3F85 /* FetchCodeChallengeTests.xctest */,
			);
			name = Products;
			sourceTree = "<group>";
		};
		5B4A56E82AF2BC34008F3F85 /* FetchCodeChallenge */ = {
			isa = PBXGroup;
			children = (
				5B3E90E92AF401D900FB7532 /* Info.plist */,
				5B4755672AFB2D3B00158A4C /* Components */,
				5B3E90E52AF3547900FB7532 /* DataProvider */,
				5B3E90E22AF3543900FB7532 /* DessertDetails */,
				5B3E90E32AF3544100FB7532 /* DessertList */,
				5B4755682AFB2D4D00158A4C /* Extensions */,
				5B3E90F22AF4393300FB7532 /* Support Files */,
			);
			path = FetchCodeChallenge;
			sourceTree = "<group>";
		};
		5B4A56F92AF2BC36008F3F85 /* FetchCodeChallengeTests */ = {
			isa = PBXGroup;
			children = (
				5BDEE7EA2B0BFC7F008E4815 /* MealsDetails.json */,
				5B1364502B0BF55A00F974EB /* MealsList.json */,
				5BA92BB92AF5C2A800D9B6D2 /* DataProviderTest.swift */,
				5BA92BBB2AF5EAFB00D9B6D2 /* DessertDetailsViewModelTest.swift */,
				5BA92BBD2AF5EC8C00D9B6D2 /* DessertListViewModelTest.swift */,
				5BAA72512AFC8486008469AA /* DessertListItemViewModelTest.swift */,
				5BBB25CC2B05CB9200FC0116 /* Mocks.swift */,
				5B9191362B086DA600248387 /* TestConfigs.swift */,
			);
			path = FetchCodeChallengeTests;
			sourceTree = "<group>";
		};
/* End PBXGroup section */

/* Begin PBXNativeTarget section */
		5B4A56E52AF2BC34008F3F85 /* FetchCodeChallenge */ = {
			isa = PBXNativeTarget;
			buildConfigurationList = 5B4A570A2AF2BC36008F3F85 /* Build configuration list for PBXNativeTarget "FetchCodeChallenge" */;
			buildPhases = (
				5B4A56E22AF2BC34008F3F85 /* Sources */,
				5B4A56E32AF2BC34008F3F85 /* Frameworks */,
				5B4A56E42AF2BC34008F3F85 /* Resources */,
			);
			buildRules = (
			);
			dependencies = (
			);
			name = FetchCodeChallenge;
			productName = FetchCodeChallenge;
			productReference = 5B4A56E62AF2BC34008F3F85 /* FetchCodeChallenge.app */;
			productType = "com.apple.product-type.application";
		};
		5B4A56F52AF2BC36008F3F85 /* FetchCodeChallengeTests */ = {
			isa = PBXNativeTarget;
			buildConfigurationList = 5B4A570D2AF2BC36008F3F85 /* Build configuration list for PBXNativeTarget "FetchCodeChallengeTests" */;
			buildPhases = (
				5B4A56F22AF2BC36008F3F85 /* Sources */,
				5B4A56F32AF2BC36008F3F85 /* Frameworks */,
				5B4A56F42AF2BC36008F3F85 /* Resources */,
			);
			buildRules = (
			);
			dependencies = (
				5B4A56F82AF2BC36008F3F85 /* PBXTargetDependency */,
			);
			name = FetchCodeChallengeTests;
			productName = FetchCodeChallengeTests;
			productReference = 5B4A56F62AF2BC36008F3F85 /* FetchCodeChallengeTests.xctest */;
			productType = "com.apple.product-type.bundle.unit-test";
		};
/* End PBXNativeTarget section */

/* Begin PBXProject section */
		5B4A56DE2AF2BC34008F3F85 /* Project object */ = {
			isa = PBXProject;
			attributes = {
				BuildIndependentTargetsInParallel = 1;
				LastSwiftUpdateCheck = 1430;
				LastUpgradeCheck = 1430;
				TargetAttributes = {
					5B4A56E52AF2BC34008F3F85 = {
						CreatedOnToolsVersion = 14.3;
					};
					5B4A56F52AF2BC36008F3F85 = {
						CreatedOnToolsVersion = 14.3;
						TestTargetID = 5B4A56E52AF2BC34008F3F85;
					};
				};
			};
			buildConfigurationList = 5B4A56E12AF2BC34008F3F85 /* Build configuration list for PBXProject "FetchCodeChallenge" */;
			compatibilityVersion = "Xcode 14.0";
			developmentRegion = en;
			hasScannedForEncodings = 0;
			knownRegions = (
				en,
				Base,
			);
			mainGroup = 5B4A56DD2AF2BC34008F3F85;
			productRefGroup = 5B4A56E72AF2BC34008F3F85 /* Products */;
			projectDirPath = "";
			projectRoot = "";
			targets = (
				5B4A56E52AF2BC34008F3F85 /* FetchCodeChallenge */,
				5B4A56F52AF2BC36008F3F85 /* FetchCodeChallengeTests */,
			);
		};
/* End PBXProject section */

/* Begin PBXResourcesBuildPhase section */
		5B4A56E42AF2BC34008F3F85 /* Resources */ = {
			isa = PBXResourcesBuildPhase;
			buildActionMask = 2147483647;
			files = (
				5BDEE7EC2B0BFC92008E4815 /* MealsDetails.json in Resources */,
				5B1364522B0BFA4100F974EB /* MealsList.json in Resources */,
				5B4A56EE2AF2BC36008F3F85 /* Assets.xcassets in Resources */,
				5B3E90F12AF404C300FB7532 /* CreamCake.otf in Resources */,
				5BA92BB62AF5BFB600D9B6D2 /* SFUIDisplay-Regular.otf in Resources */,
			);
			runOnlyForDeploymentPostprocessing = 0;
		};
		5B4A56F42AF2BC36008F3F85 /* Resources */ = {
			isa = PBXResourcesBuildPhase;
			buildActionMask = 2147483647;
			files = (
				5B1364512B0BF55A00F974EB /* MealsList.json in Resources */,
			);
			runOnlyForDeploymentPostprocessing = 0;
		};
/* End PBXResourcesBuildPhase section */

/* Begin PBXSourcesBuildPhase section */
		5B4A56E22AF2BC34008F3F85 /* Sources */ = {
			isa = PBXSourcesBuildPhase;
			buildActionMask = 2147483647;
			files = (
				5B3E90DD2AF2CBDD00FB7532 /* DessertDetailsModels.swift in Sources */,
				5B3E90DF2AF2D08800FB7532 /* DessertListViewModel.swift in Sources */,
				5B3E90D72AF2C57000FB7532 /* DessertListView.swift in Sources */,
				5B3E90F82AF4447B00FB7532 /* DessertListItemView.swift in Sources */,
				5B4A56EA2AF2BC34008F3F85 /* FetchCodeChallengeApp.swift in Sources */,
				5B3E90E12AF2E32A00FB7532 /* DessertDetailsViewModel.swift in Sources */,
				5B3E90DB2AF2CBB200FB7532 /* DataProvider.swift in Sources */,
				5B3E90D92AF2C6B200FB7532 /* DessertDetailsView.swift in Sources */,
				5BA92BC02AF5ED6800D9B6D2 /* Font+Extenstion.swift in Sources */,
				5B3E90F42AF442D000FB7532 /* DessertDetailsImageView.swift in Sources */,
				5B4755662AFB1A4C00158A4C /* DessertListModels.swift in Sources */,
				5B3E90F62AF442D900FB7532 /* DessertDetailsTextsView.swift in Sources */,
				5BAA72542AFC84CE008469AA /* DessertListItemViewModel.swift in Sources */,
				5B62B7772AF9DEFD00D48633 /* TitleView.swift in Sources */,
				5B9191312B08622900248387 /* Endpoint.swift in Sources */,
			);
			runOnlyForDeploymentPostprocessing = 0;
		};
		5B4A56F22AF2BC36008F3F85 /* Sources */ = {
			isa = PBXSourcesBuildPhase;
			buildActionMask = 2147483647;
			files = (
				5BA92BBC2AF5EAFB00D9B6D2 /* DessertDetailsViewModelTest.swift in Sources */,
				5BA92BBA2AF5C2A800D9B6D2 /* DataProviderTest.swift in Sources */,
				5BAA72522AFC8486008469AA /* DessertListItemViewModelTest.swift in Sources */,
				5B9191372B086DA600248387 /* TestConfigs.swift in Sources */,
				5BA92BBE2AF5EC8C00D9B6D2 /* DessertListViewModelTest.swift in Sources */,
				5BDEE7EB2B0BFC80008E4815 /* MealsDetails.json in Sources */,
				5BBB25CD2B05CB9200FC0116 /* Mocks.swift in Sources */,
			);
			runOnlyForDeploymentPostprocessing = 0;
		};
/* End PBXSourcesBuildPhase section */

/* Begin PBXTargetDependency section */
		5B4A56F82AF2BC36008F3F85 /* PBXTargetDependency */ = {
			isa = PBXTargetDependency;
			target = 5B4A56E52AF2BC34008F3F85 /* FetchCodeChallenge */;
			targetProxy = 5B4A56F72AF2BC36008F3F85 /* PBXContainerItemProxy */;
		};
/* End PBXTargetDependency section */

/* Begin XCBuildConfiguration section */
		5B4A57082AF2BC36008F3F85 /* Debug */ = {
			isa = XCBuildConfiguration;
			buildSettings = {
				ALWAYS_SEARCH_USER_PATHS = NO;
				CLANG_ANALYZER_NONNULL = YES;
				CLANG_ANALYZER_NUMBER_OBJECT_CONVERSION = YES_AGGRESSIVE;
				CLANG_CXX_LANGUAGE_STANDARD = "gnu++20";
				CLANG_ENABLE_MODULES = YES;
				CLANG_ENABLE_OBJC_ARC = YES;
				CLANG_ENABLE_OBJC_WEAK = YES;
				CLANG_WARN_BLOCK_CAPTURE_AUTORELEASING = YES;
				CLANG_WARN_BOOL_CONVERSION = YES;
				CLANG_WARN_COMMA = YES;
				CLANG_WARN_CONSTANT_CONVERSION = YES;
				CLANG_WARN_DEPRECATED_OBJC_IMPLEMENTATIONS = YES;
				CLANG_WARN_DIRECT_OBJC_ISA_USAGE = YES_ERROR;
				CLANG_WARN_DOCUMENTATION_COMMENTS = YES;
				CLANG_WARN_EMPTY_BODY = YES;
				CLANG_WARN_ENUM_CONVERSION = YES;
				CLANG_WARN_INFINITE_RECURSION = YES;
				CLANG_WARN_INT_CONVERSION = YES;
				CLANG_WARN_NON_LITERAL_NULL_CONVERSION = YES;
				CLANG_WARN_OBJC_IMPLICIT_RETAIN_SELF = YES;
				CLANG_WARN_OBJC_LITERAL_CONVERSION = YES;
				CLANG_WARN_OBJC_ROOT_CLASS = YES_ERROR;
				CLANG_WARN_QUOTED_INCLUDE_IN_FRAMEWORK_HEADER = YES;
				CLANG_WARN_RANGE_LOOP_ANALYSIS = YES;
				CLANG_WARN_STRICT_PROTOTYPES = YES;
				CLANG_WARN_SUSPICIOUS_MOVE = YES;
				CLANG_WARN_UNGUARDED_AVAILABILITY = YES_AGGRESSIVE;
				CLANG_WARN_UNREACHABLE_CODE = YES;
				CLANG_WARN__DUPLICATE_METHOD_MATCH = YES;
				COPY_PHASE_STRIP = NO;
				DEBUG_INFORMATION_FORMAT = dwarf;
				ENABLE_STRICT_OBJC_MSGSEND = YES;
				ENABLE_TESTABILITY = YES;
				GCC_C_LANGUAGE_STANDARD = gnu11;
				GCC_DYNAMIC_NO_PIC = NO;
				GCC_NO_COMMON_BLOCKS = YES;
				GCC_OPTIMIZATION_LEVEL = 0;
				GCC_PREPROCESSOR_DEFINITIONS = (
					"DEBUG=1",
					"$(inherited)",
				);
				GCC_WARN_64_TO_32_BIT_CONVERSION = YES;
				GCC_WARN_ABOUT_RETURN_TYPE = YES_ERROR;
				GCC_WARN_UNDECLARED_SELECTOR = YES;
				GCC_WARN_UNINITIALIZED_AUTOS = YES_AGGRESSIVE;
				GCC_WARN_UNUSED_FUNCTION = YES;
				GCC_WARN_UNUSED_VARIABLE = YES;
				IPHONEOS_DEPLOYMENT_TARGET = 16.4;
				MTL_ENABLE_DEBUG_INFO = INCLUDE_SOURCE;
				MTL_FAST_MATH = YES;
				ONLY_ACTIVE_ARCH = YES;
				SDKROOT = iphoneos;
				SWIFT_ACTIVE_COMPILATION_CONDITIONS = DEBUG;
				SWIFT_OPTIMIZATION_LEVEL = "-Onone";
			};
			name = Debug;
		};
		5B4A57092AF2BC36008F3F85 /* Release */ = {
			isa = XCBuildConfiguration;
			buildSettings = {
				ALWAYS_SEARCH_USER_PATHS = NO;
				CLANG_ANALYZER_NONNULL = YES;
				CLANG_ANALYZER_NUMBER_OBJECT_CONVERSION = YES_AGGRESSIVE;
				CLANG_CXX_LANGUAGE_STANDARD = "gnu++20";
				CLANG_ENABLE_MODULES = YES;
				CLANG_ENABLE_OBJC_ARC = YES;
				CLANG_ENABLE_OBJC_WEAK = YES;
				CLANG_WARN_BLOCK_CAPTURE_AUTORELEASING = YES;
				CLANG_WARN_BOOL_CONVERSION = YES;
				CLANG_WARN_COMMA = YES;
				CLANG_WARN_CONSTANT_CONVERSION = YES;
				CLANG_WARN_DEPRECATED_OBJC_IMPLEMENTATIONS = YES;
				CLANG_WARN_DIRECT_OBJC_ISA_USAGE = YES_ERROR;
				CLANG_WARN_DOCUMENTATION_COMMENTS = YES;
				CLANG_WARN_EMPTY_BODY = YES;
				CLANG_WARN_ENUM_CONVERSION = YES;
				CLANG_WARN_INFINITE_RECURSION = YES;
				CLANG_WARN_INT_CONVERSION = YES;
				CLANG_WARN_NON_LITERAL_NULL_CONVERSION = YES;
				CLANG_WARN_OBJC_IMPLICIT_RETAIN_SELF = YES;
				CLANG_WARN_OBJC_LITERAL_CONVERSION = YES;
				CLANG_WARN_OBJC_ROOT_CLASS = YES_ERROR;
				CLANG_WARN_QUOTED_INCLUDE_IN_FRAMEWORK_HEADER = YES;
				CLANG_WARN_RANGE_LOOP_ANALYSIS = YES;
				CLANG_WARN_STRICT_PROTOTYPES = YES;
				CLANG_WARN_SUSPICIOUS_MOVE = YES;
				CLANG_WARN_UNGUARDED_AVAILABILITY = YES_AGGRESSIVE;
				CLANG_WARN_UNREACHABLE_CODE = YES;
				CLANG_WARN__DUPLICATE_METHOD_MATCH = YES;
				COPY_PHASE_STRIP = NO;
				DEBUG_INFORMATION_FORMAT = "dwarf-with-dsym";
				ENABLE_NS_ASSERTIONS = NO;
				ENABLE_STRICT_OBJC_MSGSEND = YES;
				GCC_C_LANGUAGE_STANDARD = gnu11;
				GCC_NO_COMMON_BLOCKS = YES;
				GCC_WARN_64_TO_32_BIT_CONVERSION = YES;
				GCC_WARN_ABOUT_RETURN_TYPE = YES_ERROR;
				GCC_WARN_UNDECLARED_SELECTOR = YES;
				GCC_WARN_UNINITIALIZED_AUTOS = YES_AGGRESSIVE;
				GCC_WARN_UNUSED_FUNCTION = YES;
				GCC_WARN_UNUSED_VARIABLE = YES;
				IPHONEOS_DEPLOYMENT_TARGET = 16.4;
				MTL_ENABLE_DEBUG_INFO = NO;
				MTL_FAST_MATH = YES;
				SDKROOT = iphoneos;
				SWIFT_COMPILATION_MODE = wholemodule;
				SWIFT_OPTIMIZATION_LEVEL = "-O";
				VALIDATE_PRODUCT = YES;
			};
			name = Release;
		};
		5B4A570B2AF2BC36008F3F85 /* Debug */ = {
			isa = XCBuildConfiguration;
			buildSettings = {
				ASSETCATALOG_COMPILER_APPICON_NAME = AppIcon;
				ASSETCATALOG_COMPILER_GLOBAL_ACCENT_COLOR_NAME = AccentColor;
				CODE_SIGN_STYLE = Automatic;
				CURRENT_PROJECT_VERSION = 1;
				DEVELOPMENT_TEAM = MX697MNWTH;
				ENABLE_PREVIEWS = YES;
				GENERATE_INFOPLIST_FILE = YES;
				INFOPLIST_FILE = FetchCodeChallenge/Info.plist;
				INFOPLIST_KEY_UIApplicationSceneManifest_Generation = YES;
				INFOPLIST_KEY_UIApplicationSupportsIndirectInputEvents = YES;
				INFOPLIST_KEY_UILaunchScreen_Generation = YES;
				INFOPLIST_KEY_UISupportedInterfaceOrientations = UIInterfaceOrientationPortrait;
				INFOPLIST_KEY_UISupportedInterfaceOrientations_iPad = "UIInterfaceOrientationLandscapeLeft UIInterfaceOrientationLandscapeRight UIInterfaceOrientationPortrait UIInterfaceOrientationPortraitUpsideDown";
				LD_RUNPATH_SEARCH_PATHS = (
					"$(inherited)",
					"@executable_path/Frameworks",
				);
				MARKETING_VERSION = 1.0;
				PRODUCT_BUNDLE_IDENTIFIER = com.cristianosalla.FetchCodeChallenge;
				PRODUCT_NAME = "$(TARGET_NAME)";
				SWIFT_EMIT_LOC_STRINGS = YES;
				SWIFT_VERSION = 5.0;
				TARGETED_DEVICE_FAMILY = "1,2";
			};
			name = Debug;
		};
		5B4A570C2AF2BC36008F3F85 /* Release */ = {
			isa = XCBuildConfiguration;
			buildSettings = {
				ASSETCATALOG_COMPILER_APPICON_NAME = AppIcon;
				ASSETCATALOG_COMPILER_GLOBAL_ACCENT_COLOR_NAME = AccentColor;
				CODE_SIGN_STYLE = Automatic;
				CURRENT_PROJECT_VERSION = 1;
				DEVELOPMENT_TEAM = MX697MNWTH;
				ENABLE_PREVIEWS = YES;
				GENERATE_INFOPLIST_FILE = YES;
				INFOPLIST_FILE = FetchCodeChallenge/Info.plist;
				INFOPLIST_KEY_UIApplicationSceneManifest_Generation = YES;
				INFOPLIST_KEY_UIApplicationSupportsIndirectInputEvents = YES;
				INFOPLIST_KEY_UILaunchScreen_Generation = YES;
				INFOPLIST_KEY_UISupportedInterfaceOrientations = UIInterfaceOrientationPortrait;
				INFOPLIST_KEY_UISupportedInterfaceOrientations_iPad = "UIInterfaceOrientationLandscapeLeft UIInterfaceOrientationLandscapeRight UIInterfaceOrientationPortrait UIInterfaceOrientationPortraitUpsideDown";
				LD_RUNPATH_SEARCH_PATHS = (
					"$(inherited)",
					"@executable_path/Frameworks",
				);
				MARKETING_VERSION = 1.0;
				PRODUCT_BUNDLE_IDENTIFIER = com.cristianosalla.FetchCodeChallenge;
				PRODUCT_NAME = "$(TARGET_NAME)";
				SWIFT_EMIT_LOC_STRINGS = YES;
				SWIFT_VERSION = 5.0;
				TARGETED_DEVICE_FAMILY = "1,2";
			};
			name = Release;
		};
		5B4A570E2AF2BC36008F3F85 /* Debug */ = {
			isa = XCBuildConfiguration;
			buildSettings = {
				ALWAYS_EMBED_SWIFT_STANDARD_LIBRARIES = YES;
				BUNDLE_LOADER = "$(TEST_HOST)";
				CODE_SIGN_STYLE = Automatic;
				CURRENT_PROJECT_VERSION = 1;
				DEVELOPMENT_TEAM = MX697MNWTH;
				GENERATE_INFOPLIST_FILE = YES;
				IPHONEOS_DEPLOYMENT_TARGET = 16.4;
				MARKETING_VERSION = 1.0;
				PRODUCT_BUNDLE_IDENTIFIER = com.cristianosalla.FetchCodeChallengeTests;
				PRODUCT_NAME = "$(TARGET_NAME)";
				SWIFT_EMIT_LOC_STRINGS = NO;
				SWIFT_VERSION = 5.0;
				TARGETED_DEVICE_FAMILY = "1,2";
				TEST_HOST = "$(BUILT_PRODUCTS_DIR)/FetchCodeChallenge.app/$(BUNDLE_EXECUTABLE_FOLDER_PATH)/FetchCodeChallenge";
			};
			name = Debug;
		};
		5B4A570F2AF2BC36008F3F85 /* Release */ = {
			isa = XCBuildConfiguration;
			buildSettings = {
				ALWAYS_EMBED_SWIFT_STANDARD_LIBRARIES = YES;
				BUNDLE_LOADER = "$(TEST_HOST)";
				CODE_SIGN_STYLE = Automatic;
				CURRENT_PROJECT_VERSION = 1;
				DEVELOPMENT_TEAM = MX697MNWTH;
				GENERATE_INFOPLIST_FILE = YES;
				IPHONEOS_DEPLOYMENT_TARGET = 16.4;
				MARKETING_VERSION = 1.0;
				PRODUCT_BUNDLE_IDENTIFIER = com.cristianosalla.FetchCodeChallengeTests;
				PRODUCT_NAME = "$(TARGET_NAME)";
				SWIFT_EMIT_LOC_STRINGS = NO;
				SWIFT_VERSION = 5.0;
				TARGETED_DEVICE_FAMILY = "1,2";
				TEST_HOST = "$(BUILT_PRODUCTS_DIR)/FetchCodeChallenge.app/$(BUNDLE_EXECUTABLE_FOLDER_PATH)/FetchCodeChallenge";
			};
			name = Release;
		};
/* End XCBuildConfiguration section */

/* Begin XCConfigurationList section */
		5B4A56E12AF2BC34008F3F85 /* Build configuration list for PBXProject "FetchCodeChallenge" */ = {
			isa = XCConfigurationList;
			buildConfigurations = (
				5B4A57082AF2BC36008F3F85 /* Debug */,
				5B4A57092AF2BC36008F3F85 /* Release */,
			);
			defaultConfigurationIsVisible = 0;
			defaultConfigurationName = Release;
		};
		5B4A570A2AF2BC36008F3F85 /* Build configuration list for PBXNativeTarget "FetchCodeChallenge" */ = {
			isa = XCConfigurationList;
			buildConfigurations = (
				5B4A570B2AF2BC36008F3F85 /* Debug */,
				5B4A570C2AF2BC36008F3F85 /* Release */,
			);
			defaultConfigurationIsVisible = 0;
			defaultConfigurationName = Release;
		};
		5B4A570D2AF2BC36008F3F85 /* Build configuration list for PBXNativeTarget "FetchCodeChallengeTests" */ = {
			isa = XCConfigurationList;
			buildConfigurations = (
				5B4A570E2AF2BC36008F3F85 /* Debug */,
				5B4A570F2AF2BC36008F3F85 /* Release */,
			);
			defaultConfigurationIsVisible = 0;
			defaultConfigurationName = Release;
		};
/* End XCConfigurationList section */
	};
	rootObject = 5B4A56DE2AF2BC34008F3F85 /* Project object */;
}
